
Microsoft Visual Studio Solution File, Format Version 12.00
# Visual Studio Version 16
VisualStudioVersion = 16.0.30717.126
MinimumVisualStudioVersion = 10.0.40219.1
Project("{FAE04EC0-301F-11D3-BF4B-00C04F79EFBC}") = "WebScraping", "WebScraping\WebScraping.csproj", "{3CA8B60B-1348-487E-9883-A129626F6138}"
EndProject
Global
	GlobalSection(SolutionConfigurationPlatforms) = preSolution
		Debug|Any CPU = Debug|Any CPU
		Release|Any CPU = Release|Any CPU
	EndGlobalSection
	GlobalSection(ProjectConfigurationPlatforms) = postSolution
		{3CA8B60B-1348-487E-9883-A129626F6138}.Debug|Any CPU.ActiveCfg = Debug|Any CPU
		{3CA8B60B-1348-487E-9883-A129626F6138}.Debug|Any CPU.Build.0 = Debug|Any CPU
		{3CA8B60B-1348-487E-9883-A129626F6138}.Release|Any CPU.ActiveCfg = Release|Any CPU
		{3CA8B60B-1348-487E-9883-A129626F6138}.Release|Any CPU.Build.0 = Release|Any CPU
	EndGlobalSection
	GlobalSection(SolutionProperties) = preSolution
		HideSolutionNode = FALSE
	EndGlobalSection
	GlobalSection(ExtensibilityGlobals) = postSolution
		SolutionGuid = {F5963539-F871-480C-8723-9068AAB66889}
	EndGlobalSection
EndGlobal
